// !$*UTF8*$!
{
	archiveVersion = 1;
	classes = {
	};
	objectVersion = 56;
	objects = {

/* Begin PBXBuildFile section */
		653805EA29EAA081004490B4 /* AppDelegate.swift in Sources */ = {isa = PBXBuildFile; fileRef = 653805E929EAA081004490B4 /* AppDelegate.swift */; };
		653805EE29EAA081004490B4 /* ViewController.swift in Sources */ = {isa = PBXBuildFile; fileRef = 653805ED29EAA081004490B4 /* ViewController.swift */; };
		653805F129EAA081004490B4 /* Main.storyboard in Resources */ = {isa = PBXBuildFile; fileRef = 653805EF29EAA081004490B4 /* Main.storyboard */; };
		653805F329EAA082004490B4 /* Assets.xcassets in Resources */ = {isa = PBXBuildFile; fileRef = 653805F229EAA082004490B4 /* Assets.xcassets */; };
		653805F629EAA082004490B4 /* LaunchScreen.storyboard in Resources */ = {isa = PBXBuildFile; fileRef = 653805F429EAA082004490B4 /* LaunchScreen.storyboard */; };
		653805FE29EAA1C9004490B4 /* Verb.swift in Sources */ = {isa = PBXBuildFile; fileRef = 653805FD29EAA1C9004490B4 /* Verb.swift */; };
		6538060129EAA2A1004490B4 /* Localizable.strings in Resources */ = {isa = PBXBuildFile; fileRef = 6538060329EAA2A1004490B4 /* Localizable.strings */; };
		6538060629EAC509004490B4 /* IrregularVerbs.swift in Sources */ = {isa = PBXBuildFile; fileRef = 6538060529EAC509004490B4 /* IrregularVerbs.swift */; };
		6538060829EACC9C004490B4 /* VerbTableViewCell.xib in Resources */ = {isa = PBXBuildFile; fileRef = 6538060729EACC9C004490B4 /* VerbTableViewCell.xib */; };
		6549BC2529EAD1B2000F4A63 /* VerbTableViewCell.swift in Sources */ = {isa = PBXBuildFile; fileRef = 6549BC2429EAD1B2000F4A63 /* VerbTableViewCell.swift */; };
/* End PBXBuildFile section */

/* Begin PBXFileReference section */
		653805E629EAA081004490B4 /* IrregularVerbsAppMVC.app */ = {isa = PBXFileReference; explicitFileType = wrapper.application; includeInIndex = 0; path = IrregularVerbsAppMVC.app; sourceTree = BUILT_PRODUCTS_DIR; };
		653805E929EAA081004490B4 /* AppDelegate.swift */ = {isa = PBXFileReference; lastKnownFileType = sourcecode.swift; path = AppDelegate.swift; sourceTree = "<group>"; };
		653805ED29EAA081004490B4 /* ViewController.swift */ = {isa = PBXFileReference; lastKnownFileType = sourcecode.swift; path = ViewController.swift; sourceTree = "<group>"; };
		653805F029EAA081004490B4 /* Base */ = {isa = PBXFileReference; lastKnownFileType = file.storyboard; name = Base; path = Base.lproj/Main.storyboard; sourceTree = "<group>"; };
		653805F229EAA082004490B4 /* Assets.xcassets */ = {isa = PBXFileReference; lastKnownFileType = folder.assetcatalog; path = Assets.xcassets; sourceTree = "<group>"; };
		653805F529EAA082004490B4 /* Base */ = {isa = PBXFileReference; lastKnownFileType = file.storyboard; name = Base; path = Base.lproj/LaunchScreen.storyboard; sourceTree = "<group>"; };
		653805F729EAA082004490B4 /* Info.plist */ = {isa = PBXFileReference; lastKnownFileType = text.plist.xml; path = Info.plist; sourceTree = "<group>"; };
		653805FD29EAA1C9004490B4 /* Verb.swift */ = {isa = PBXFileReference; lastKnownFileType = sourcecode.swift; path = Verb.swift; sourceTree = "<group>"; };
		6538060229EAA2A1004490B4 /* en */ = {isa = PBXFileReference; lastKnownFileType = text.plist.strings; name = en; path = en.lproj/Localizable.strings; sourceTree = "<group>"; };
		6538060429EAA2F2004490B4 /* ru */ = {isa = PBXFileReference; lastKnownFileType = text.plist.strings; name = ru; path = ru.lproj/Localizable.strings; sourceTree = "<group>"; };
		6538060529EAC509004490B4 /* IrregularVerbs.swift */ = {isa = PBXFileReference; lastKnownFileType = sourcecode.swift; path = IrregularVerbs.swift; sourceTree = "<group>"; };
		6538060729EACC9C004490B4 /* VerbTableViewCell.xib */ = {isa = PBXFileReference; lastKnownFileType = file.xib; path = VerbTableViewCell.xib; sourceTree = "<group>"; };
		6549BC2429EAD1B2000F4A63 /* VerbTableViewCell.swift */ = {isa = PBXFileReference; lastKnownFileType = sourcecode.swift; path = VerbTableViewCell.swift; sourceTree = "<group>"; };
/* End PBXFileReference section */

/* Begin PBXFrameworksBuildPhase section */
		653805E329EAA081004490B4 /* Frameworks */ = {
			isa = PBXFrameworksBuildPhase;
			buildActionMask = 2147483647;
			files = (
			);
			runOnlyForDeploymentPostprocessing = 0;
		};
/* End PBXFrameworksBuildPhase section */

/* Begin PBXGroup section */
		653805DD29EAA081004490B4 = {
			isa = PBXGroup;
			children = (
				653805E829EAA081004490B4 /* IrregularVerbsAppMVC */,
				653805E729EAA081004490B4 /* Products */,
			);
			sourceTree = "<group>";
		};
		653805E729EAA081004490B4 /* Products */ = {
			isa = PBXGroup;
			children = (
				653805E629EAA081004490B4 /* IrregularVerbsAppMVC.app */,
			);
			name = Products;
			sourceTree = "<group>";
		};
		653805E829EAA081004490B4 /* IrregularVerbsAppMVC */ = {
			isa = PBXGroup;
			children = (
				653805E929EAA081004490B4 /* AppDelegate.swift */,
				6549BC2829EAD555000F4A63 /* Model */,
				6549BC2729EAD53E000F4A63 /* View */,
				6549BC2629EAD52D000F4A63 /* Controller */,
				6538060329EAA2A1004490B4 /* Localizable.strings */,
				653805F229EAA082004490B4 /* Assets.xcassets */,
				653805F429EAA082004490B4 /* LaunchScreen.storyboard */,
				653805F729EAA082004490B4 /* Info.plist */,
			);
			path = IrregularVerbsAppMVC;
			sourceTree = "<group>";
		};
		6549BC2629EAD52D000F4A63 /* Controller */ = {
			isa = PBXGroup;
			children = (
				653805ED29EAA081004490B4 /* ViewController.swift */,
			);
			path = Controller;
			sourceTree = "<group>";
		};
		6549BC2729EAD53E000F4A63 /* View */ = {
			isa = PBXGroup;
			children = (
				653805EF29EAA081004490B4 /* Main.storyboard */,
				6538060729EACC9C004490B4 /* VerbTableViewCell.xib */,
				6549BC2429EAD1B2000F4A63 /* VerbTableViewCell.swift */,
			);
			path = View;
			sourceTree = "<group>";
		};
		6549BC2829EAD555000F4A63 /* Model */ = {
			isa = PBXGroup;
			children = (
				653805FD29EAA1C9004490B4 /* Verb.swift */,
				6538060529EAC509004490B4 /* IrregularVerbs.swift */,
			);
			path = Model;
			sourceTree = "<group>";
		};
/* End PBXGroup section */

/* Begin PBXNativeTarget section */
		653805E529EAA081004490B4 /* IrregularVerbsAppMVC */ = {
			isa = PBXNativeTarget;
			buildConfigurationList = 653805FA29EAA082004490B4 /* Build configuration list for PBXNativeTarget "IrregularVerbsAppMVC" */;
			buildPhases = (
				653805E229EAA081004490B4 /* Sources */,
				653805E329EAA081004490B4 /* Frameworks */,
				653805E429EAA081004490B4 /* Resources */,
			);
			buildRules = (
			);
			dependencies = (
			);
			name = IrregularVerbsAppMVC;
			productName = IrregularVerbsAppMVC;
			productReference = 653805E629EAA081004490B4 /* IrregularVerbsAppMVC.app */;
			productType = "com.apple.product-type.application";
		};
/* End PBXNativeTarget section */

/* Begin PBXProject section */
		653805DE29EAA081004490B4 /* Project object */ = {
			isa = PBXProject;
			attributes = {
				BuildIndependentTargetsInParallel = 1;
				LastSwiftUpdateCheck = 1420;
				LastUpgradeCheck = 1420;
				TargetAttributes = {
					653805E529EAA081004490B4 = {
						CreatedOnToolsVersion = 14.2;
					};
				};
			};
			buildConfigurationList = 653805E129EAA081004490B4 /* Build configuration list for PBXProject "IrregularVerbsAppMVC" */;
			compatibilityVersion = "Xcode 14.0";
			developmentRegion = en;
			hasScannedForEncodings = 0;
			knownRegions = (
				en,
				Base,
				ru,
			);
			mainGroup = 653805DD29EAA081004490B4;
			productRefGroup = 653805E729EAA081004490B4 /* Products */;
			projectDirPath = "";
			projectRoot = "";
			targets = (
				653805E529EAA081004490B4 /* IrregularVerbsAppMVC */,
			);
		};
/* End PBXProject section */

/* Begin PBXResourcesBuildPhase section */
		653805E429EAA081004490B4 /* Resources */ = {
			isa = PBXResourcesBuildPhase;
			buildActionMask = 2147483647;
			files = (
				653805F629EAA082004490B4 /* LaunchScreen.storyboard in Resources */,
				6538060129EAA2A1004490B4 /* Localizable.strings in Resources */,
				653805F329EAA082004490B4 /* Assets.xcassets in Resources */,
				6538060829EACC9C004490B4 /* VerbTableViewCell.xib in Resources */,
				653805F129EAA081004490B4 /* Main.storyboard in Resources */,
			);
			runOnlyForDeploymentPostprocessing = 0;
		};
/* End PBXResourcesBuildPhase section */

/* Begin PBXSourcesBuildPhase section */
		653805E229EAA081004490B4 /* Sources */ = {
			isa = PBXSourcesBuildPhase;
			buildActionMask = 2147483647;
			files = (
				653805FE29EAA1C9004490B4 /* Verb.swift in Sources */,
				6538060629EAC509004490B4 /* IrregularVerbs.swift in Sources */,
				653805EE29EAA081004490B4 /* ViewController.swift in Sources */,
				653805EA29EAA081004490B4 /* AppDelegate.swift in Sources */,
				6549BC2529EAD1B2000F4A63 /* VerbTableViewCell.swift in Sources */,
			);
			runOnlyForDeploymentPostprocessing = 0;
		};
/* End PBXSourcesBuildPhase section */

/* Begin PBXVariantGroup section */
		653805EF29EAA081004490B4 /* Main.storyboard */ = {
			isa = PBXVariantGroup;
			children = (
				653805F029EAA081004490B4 /* Base */,
			);
			name = Main.storyboard;
			sourceTree = "<group>";
		};
		653805F429EAA082004490B4 /* LaunchScreen.storyboard */ = {
			isa = PBXVariantGroup;
			children = (
				653805F529EAA082004490B4 /* Base */,
			);
			name = LaunchScreen.storyboard;
			sourceTree = "<group>";
		};
		6538060329EAA2A1004490B4 /* Localizable.strings */ = {
			isa = PBXVariantGroup;
			children = (
				6538060229EAA2A1004490B4 /* en */,
				6538060429EAA2F2004490B4 /* ru */,
			);
			name = Localizable.strings;
			sourceTree = "<group>";
		};
/* End PBXVariantGroup section */

/* Begin XCBuildConfiguration section */
		653805F829EAA082004490B4 /* Debug */ = {
			isa = XCBuildConfiguration;
			buildSettings = {
				ALWAYS_SEARCH_USER_PATHS = NO;
				CLANG_ANALYZER_LOCALIZABILITY_NONLOCALIZED = YES;
				CLANG_ANALYZER_NONNULL = YES;
				CLANG_ANALYZER_NUMBER_OBJECT_CONVERSION = YES_AGGRESSIVE;
				CLANG_CXX_LANGUAGE_STANDARD = "gnu++20";
				CLANG_ENABLE_MODULES = YES;
				CLANG_ENABLE_OBJC_ARC = YES;
				CLANG_ENABLE_OBJC_WEAK = YES;
				CLANG_WARN_BLOCK_CAPTURE_AUTORELEASING = YES;
				CLANG_WARN_BOOL_CONVERSION = YES;
				CLANG_WARN_COMMA = YES;
				CLANG_WARN_CONSTANT_CONVERSION = YES;
				CLANG_WARN_DEPRECATED_OBJC_IMPLEMENTATIONS = YES;
				CLANG_WARN_DIRECT_OBJC_ISA_USAGE = YES_ERROR;
				CLANG_WARN_DOCUMENTATION_COMMENTS = YES;
				CLANG_WARN_EMPTY_BODY = YES;
				CLANG_WARN_ENUM_CONVERSION = YES;
				CLANG_WARN_INFINITE_RECURSION = YES;
				CLANG_WARN_INT_CONVERSION = YES;
				CLANG_WARN_NON_LITERAL_NULL_CONVERSION = YES;
				CLANG_WARN_OBJC_IMPLICIT_RETAIN_SELF = YES;
				CLANG_WARN_OBJC_LITERAL_CONVERSION = YES;
				CLANG_WARN_OBJC_ROOT_CLASS = YES_ERROR;
				CLANG_WARN_QUOTED_INCLUDE_IN_FRAMEWORK_HEADER = YES;
				CLANG_WARN_RANGE_LOOP_ANALYSIS = YES;
				CLANG_WARN_STRICT_PROTOTYPES = YES;
				CLANG_WARN_SUSPICIOUS_MOVE = YES;
				CLANG_WARN_UNGUARDED_AVAILABILITY = YES_AGGRESSIVE;
				CLANG_WARN_UNREACHABLE_CODE = YES;
				CLANG_WARN__DUPLICATE_METHOD_MATCH = YES;
				COPY_PHASE_STRIP = NO;
				DEBUG_INFORMATION_FORMAT = dwarf;
				ENABLE_STRICT_OBJC_MSGSEND = YES;
				ENABLE_TESTABILITY = YES;
				GCC_C_LANGUAGE_STANDARD = gnu11;
				GCC_DYNAMIC_NO_PIC = NO;
				GCC_NO_COMMON_BLOCKS = YES;
				GCC_OPTIMIZATION_LEVEL = 0;
				GCC_PREPROCESSOR_DEFINITIONS = (
					"DEBUG=1",
					"$(inherited)",
				);
				GCC_WARN_64_TO_32_BIT_CONVERSION = YES;
				GCC_WARN_ABOUT_RETURN_TYPE = YES_ERROR;
				GCC_WARN_UNDECLARED_SELECTOR = YES;
				GCC_WARN_UNINITIALIZED_AUTOS = YES_AGGRESSIVE;
				GCC_WARN_UNUSED_FUNCTION = YES;
				GCC_WARN_UNUSED_VARIABLE = YES;
				IPHONEOS_DEPLOYMENT_TARGET = 16.2;
				MTL_ENABLE_DEBUG_INFO = INCLUDE_SOURCE;
				MTL_FAST_MATH = YES;
				ONLY_ACTIVE_ARCH = YES;
				SDKROOT = iphoneos;
				SWIFT_ACTIVE_COMPILATION_CONDITIONS = DEBUG;
				SWIFT_OPTIMIZATION_LEVEL = "-Onone";
			};
			name = Debug;
		};
		653805F929EAA082004490B4 /* Release */ = {
			isa = XCBuildConfiguration;
			buildSettings = {
				ALWAYS_SEARCH_USER_PATHS = NO;
				CLANG_ANALYZER_LOCALIZABILITY_NONLOCALIZED = YES;
				CLANG_ANALYZER_NONNULL = YES;
				CLANG_ANALYZER_NUMBER_OBJECT_CONVERSION = YES_AGGRESSIVE;
				CLANG_CXX_LANGUAGE_STANDARD = "gnu++20";
				CLANG_ENABLE_MODULES = YES;
				CLANG_ENABLE_OBJC_ARC = YES;
				CLANG_ENABLE_OBJC_WEAK = YES;
				CLANG_WARN_BLOCK_CAPTURE_AUTORELEASING = YES;
				CLANG_WARN_BOOL_CONVERSION = YES;
				CLANG_WARN_COMMA = YES;
				CLANG_WARN_CONSTANT_CONVERSION = YES;
				CLANG_WARN_DEPRECATED_OBJC_IMPLEMENTATIONS = YES;
				CLANG_WARN_DIRECT_OBJC_ISA_USAGE = YES_ERROR;
				CLANG_WARN_DOCUMENTATION_COMMENTS = YES;
				CLANG_WARN_EMPTY_BODY = YES;
				CLANG_WARN_ENUM_CONVERSION = YES;
				CLANG_WARN_INFINITE_RECURSION = YES;
				CLANG_WARN_INT_CONVERSION = YES;
				CLANG_WARN_NON_LITERAL_NULL_CONVERSION = YES;
				CLANG_WARN_OBJC_IMPLICIT_RETAIN_SELF = YES;
				CLANG_WARN_OBJC_LITERAL_CONVERSION = YES;
				CLANG_WARN_OBJC_ROOT_CLASS = YES_ERROR;
				CLANG_WARN_QUOTED_INCLUDE_IN_FRAMEWORK_HEADER = YES;
				CLANG_WARN_RANGE_LOOP_ANALYSIS = YES;
				CLANG_WARN_STRICT_PROTOTYPES = YES;
				CLANG_WARN_SUSPICIOUS_MOVE = YES;
				CLANG_WARN_UNGUARDED_AVAILABILITY = YES_AGGRESSIVE;
				CLANG_WARN_UNREACHABLE_CODE = YES;
				CLANG_WARN__DUPLICATE_METHOD_MATCH = YES;
				COPY_PHASE_STRIP = NO;
				DEBUG_INFORMATION_FORMAT = "dwarf-with-dsym";
				ENABLE_NS_ASSERTIONS = NO;
				ENABLE_STRICT_OBJC_MSGSEND = YES;
				GCC_C_LANGUAGE_STANDARD = gnu11;
				GCC_NO_COMMON_BLOCKS = YES;
				GCC_WARN_64_TO_32_BIT_CONVERSION = YES;
				GCC_WARN_ABOUT_RETURN_TYPE = YES_ERROR;
				GCC_WARN_UNDECLARED_SELECTOR = YES;
				GCC_WARN_UNINITIALIZED_AUTOS = YES_AGGRESSIVE;
				GCC_WARN_UNUSED_FUNCTION = YES;
				GCC_WARN_UNUSED_VARIABLE = YES;
				IPHONEOS_DEPLOYMENT_TARGET = 16.2;
				MTL_ENABLE_DEBUG_INFO = NO;
				MTL_FAST_MATH = YES;
				SDKROOT = iphoneos;
				SWIFT_COMPILATION_MODE = wholemodule;
				SWIFT_OPTIMIZATION_LEVEL = "-O";
				VALIDATE_PRODUCT = YES;
			};
			name = Release;
		};
		653805FB29EAA082004490B4 /* Debug */ = {
			isa = XCBuildConfiguration;
			buildSettings = {
				ASSETCATALOG_COMPILER_APPICON_NAME = AppIcon;
				ASSETCATALOG_COMPILER_GLOBAL_ACCENT_COLOR_NAME = AccentColor;
				CODE_SIGN_STYLE = Automatic;
				CURRENT_PROJECT_VERSION = 1;
				DEVELOPMENT_TEAM = BM44RT8Y54;
				GENERATE_INFOPLIST_FILE = YES;
				INFOPLIST_FILE = IrregularVerbsAppMVC/Info.plist;
				INFOPLIST_KEY_UIApplicationSupportsIndirectInputEvents = YES;
				INFOPLIST_KEY_UILaunchStoryboardName = LaunchScreen;
				INFOPLIST_KEY_UIMainStoryboardFile = Main;
				INFOPLIST_KEY_UISupportedInterfaceOrientations_iPad = "UIInterfaceOrientationPortrait UIInterfaceOrientationPortraitUpsideDown UIInterfaceOrientationLandscapeLeft UIInterfaceOrientationLandscapeRight";
				INFOPLIST_KEY_UISupportedInterfaceOrientations_iPhone = "UIInterfaceOrientationPortrait UIInterfaceOrientationLandscapeLeft UIInterfaceOrientationLandscapeRight";
				IPHONEOS_DEPLOYMENT_TARGET = 15.0;
				LD_RUNPATH_SEARCH_PATHS = (
					"$(inherited)",
					"@executable_path/Frameworks",
				);
				MARKETING_VERSION = 1.0;
				PRODUCT_BUNDLE_IDENTIFIER = Daniel.IrregularVerbsAppMVC;
				PRODUCT_NAME = "$(TARGET_NAME)";
				SWIFT_EMIT_LOC_STRINGS = YES;
				SWIFT_VERSION = 5.0;
				TARGETED_DEVICE_FAMILY = "1,2";
			};
			name = Debug;
		};
		653805FC29EAA082004490B4 /* Release */ = {
			isa = XCBuildConfiguration;
			buildSettings = {
				ASSETCATALOG_COMPILER_APPICON_NAME = AppIcon;
				ASSETCATALOG_COMPILER_GLOBAL_ACCENT_COLOR_NAME = AccentColor;
				CODE_SIGN_STYLE = Automatic;
				CURRENT_PROJECT_VERSION = 1;
				DEVELOPMENT_TEAM = BM44RT8Y54;
				GENERATE_INFOPLIST_FILE = YES;
				INFOPLIST_FILE = IrregularVerbsAppMVC/Info.plist;
				INFOPLIST_KEY_UIApplicationSupportsIndirectInputEvents = YES;
				INFOPLIST_KEY_UILaunchStoryboardName = LaunchScreen;
				INFOPLIST_KEY_UIMainStoryboardFile = Main;
				INFOPLIST_KEY_UISupportedInterfaceOrientations_iPad = "UIInterfaceOrientationPortrait UIInterfaceOrientationPortraitUpsideDown UIInterfaceOrientationLandscapeLeft UIInterfaceOrientationLandscapeRight";
				INFOPLIST_KEY_UISupportedInterfaceOrientations_iPhone = "UIInterfaceOrientationPortrait UIInterfaceOrientationLandscapeLeft UIInterfaceOrientationLandscapeRight";
				IPHONEOS_DEPLOYMENT_TARGET = 15.0;
				LD_RUNPATH_SEARCH_PATHS = (
					"$(inherited)",
					"@executable_path/Frameworks",
				);
				MARKETING_VERSION = 1.0;
				PRODUCT_BUNDLE_IDENTIFIER = Daniel.IrregularVerbsAppMVC;
				PRODUCT_NAME = "$(TARGET_NAME)";
				SWIFT_EMIT_LOC_STRINGS = YES;
				SWIFT_VERSION = 5.0;
				TARGETED_DEVICE_FAMILY = "1,2";
			};
			name = Release;
		};
/* End XCBuildConfiguration section */

/* Begin XCConfigurationList section */
		653805E129EAA081004490B4 /* Build configuration list for PBXProject "IrregularVerbsAppMVC" */ = {
			isa = XCConfigurationList;
			buildConfigurations = (
				653805F829EAA082004490B4 /* Debug */,
				653805F929EAA082004490B4 /* Release */,
			);
			defaultConfigurationIsVisible = 0;
			defaultConfigurationName = Release;
		};
		653805FA29EAA082004490B4 /* Build configuration list for PBXNativeTarget "IrregularVerbsAppMVC" */ = {
			isa = XCConfigurationList;
			buildConfigurations = (
				653805FB29EAA082004490B4 /* Debug */,
				653805FC29EAA082004490B4 /* Release */,
			);
			defaultConfigurationIsVisible = 0;
			defaultConfigurationName = Release;
		};
/* End XCConfigurationList section */
	};
	rootObject = 653805DE29EAA081004490B4 /* Project object */;
}
